
Microsoft Visual Studio Solution File, Format Version 12.00
# Visual Studio Version 16
VisualStudioVersion = 16.0.31019.35
MinimumVisualStudioVersion = 10.0.40219.1
Project("{FAE04EC0-301F-11D3-BF4B-00C04F79EFBC}") = "minPaint", "minPaint\minPaint.csproj", "{5B6E8498-5E28-44A2-A646-9F3C01B32108}"
EndProject
Global
	GlobalSection(SolutionConfigurationPlatforms) = preSolution
		Debug|Any CPU = Debug|Any CPU
		Release|Any CPU = Release|Any CPU
	EndGlobalSection
	GlobalSection(ProjectConfigurationPlatforms) = postSolution
		{5B6E8498-5E28-44A2-A646-9F3C01B32108}.Debug|Any CPU.ActiveCfg = Debug|Any CPU
		{5B6E8498-5E28-44A2-A646-9F3C01B32108}.Debug|Any CPU.Build.0 = Debug|Any CPU
		{5B6E8498-5E28-44A2-A646-9F3C01B32108}.Release|Any CPU.ActiveCfg = Release|Any CPU
		{5B6E8498-5E28-44A2-A646-9F3C01B32108}.Release|Any CPU.Build.0 = Release|Any CPU
	EndGlobalSection
	GlobalSection(SolutionProperties) = preSolution
		HideSolutionNode = FALSE
	EndGlobalSection
	GlobalSection(ExtensibilityGlobals) = postSolution
		SolutionGuid = {BB775F2D-5EB8-4273-AD87-949C89D09F0E}
	EndGlobalSection
EndGlobal
